
Microsoft Visual Studio Solution File, Format Version 12.00
# Visual Studio Version 17
VisualStudioVersion = 17.7.34024.191
MinimumVisualStudioVersion = 10.0.40219.1
Project("{9A19103F-16F7-4668-BE54-9A1E7A4F7556}") = "TriangleGrid.WebAPI", "TriangleGridAPI\TriangleGrid.WebAPI.csproj", "{F73726DA-1B83-4011-9D36-F3E9CA0F3A97}"
EndProject
Project("{9A19103F-16F7-4668-BE54-9A1E7A4F7556}") = "TriangleGrid.Tests", "TriangleGridAPI.Tests\TriangleGrid.Tests.csproj", "{11A80F7D-2122-4C0C-9D5C-8712EAC8769B}"
EndProject
Project("{9A19103F-16F7-4668-BE54-9A1E7A4F7556}") = "TriangleGrid.Core", "TriangleGrid.Core\TriangleGrid.Core.csproj", "{FBA58978-EEDD-44D5-B763-D330E6A856B2}"
EndProject
Project("{54A90642-561A-4BB1-A94E-469ADEE60C69}") = "TriangleGrid.UI", "TriangleGrid.UI\TriangleGrid.UI.esproj", "{8FAFA9D4-27F0-4000-BB52-4147EC895BC5}"
EndProject
Global
	GlobalSection(SolutionConfigurationPlatforms) = preSolution
		Debug|Any CPU = Debug|Any CPU
		Release|Any CPU = Release|Any CPU
	EndGlobalSection
	GlobalSection(ProjectConfigurationPlatforms) = postSolution
		{F73726DA-1B83-4011-9D36-F3E9CA0F3A97}.Debug|Any CPU.ActiveCfg = Debug|Any CPU
		{F73726DA-1B83-4011-9D36-F3E9CA0F3A97}.Debug|Any CPU.Build.0 = Debug|Any CPU
		{F73726DA-1B83-4011-9D36-F3E9CA0F3A97}.Release|Any CPU.ActiveCfg = Release|Any CPU
		{F73726DA-1B83-4011-9D36-F3E9CA0F3A97}.Release|Any CPU.Build.0 = Release|Any CPU
		{11A80F7D-2122-4C0C-9D5C-8712EAC8769B}.Debug|Any CPU.ActiveCfg = Debug|Any CPU
		{11A80F7D-2122-4C0C-9D5C-8712EAC8769B}.Debug|Any CPU.Build.0 = Debug|Any CPU
		{11A80F7D-2122-4C0C-9D5C-8712EAC8769B}.Release|Any CPU.ActiveCfg = Release|Any CPU
		{11A80F7D-2122-4C0C-9D5C-8712EAC8769B}.Release|Any CPU.Build.0 = Release|Any CPU
		{FBA58978-EEDD-44D5-B763-D330E6A856B2}.Debug|Any CPU.ActiveCfg = Debug|Any CPU
		{FBA58978-EEDD-44D5-B763-D330E6A856B2}.Debug|Any CPU.Build.0 = Debug|Any CPU
		{FBA58978-EEDD-44D5-B763-D330E6A856B2}.Release|Any CPU.ActiveCfg = Release|Any CPU
		{FBA58978-EEDD-44D5-B763-D330E6A856B2}.Release|Any CPU.Build.0 = Release|Any CPU
		{8FAFA9D4-27F0-4000-BB52-4147EC895BC5}.Debug|Any CPU.ActiveCfg = Debug|Any CPU
		{8FAFA9D4-27F0-4000-BB52-4147EC895BC5}.Debug|Any CPU.Build.0 = Debug|Any CPU
		{8FAFA9D4-27F0-4000-BB52-4147EC895BC5}.Debug|Any CPU.Deploy.0 = Debug|Any CPU
		{8FAFA9D4-27F0-4000-BB52-4147EC895BC5}.Release|Any CPU.ActiveCfg = Release|Any CPU
		{8FAFA9D4-27F0-4000-BB52-4147EC895BC5}.Release|Any CPU.Build.0 = Release|Any CPU
		{8FAFA9D4-27F0-4000-BB52-4147EC895BC5}.Release|Any CPU.Deploy.0 = Release|Any CPU
	EndGlobalSection
	GlobalSection(SolutionProperties) = preSolution
		HideSolutionNode = FALSE
	EndGlobalSection
	GlobalSection(ExtensibilityGlobals) = postSolution
		SolutionGuid = {D4880FC4-9BFB-4A8F-BC8D-2CEFFE58B3E1}
	EndGlobalSection
EndGlobal
